// !$*UTF8*$!
{
	archiveVersion = 1;
	classes = {
	};
	objectVersion = 46;
	objects = {

/* Begin PBXBuildFile section */
		0A2D3E361F5AC429002510BA /* AppDelegate.swift in Sources */ = {isa = PBXBuildFile; fileRef = 0A2D3E351F5AC429002510BA /* AppDelegate.swift */; };
		0A2D3E381F5AC429002510BA /* TickerListViewController.swift in Sources */ = {isa = PBXBuildFile; fileRef = 0A2D3E371F5AC429002510BA /* TickerListViewController.swift */; };
		0A2D3E3A1F5AC429002510BA /* Assets.xcassets in Resources */ = {isa = PBXBuildFile; fileRef = 0A2D3E391F5AC429002510BA /* Assets.xcassets */; };
		0A2D3E3D1F5AC429002510BA /* Main.storyboard in Resources */ = {isa = PBXBuildFile; fileRef = 0A2D3E3B1F5AC429002510BA /* Main.storyboard */; };
		0A2D3E481F5AC429002510BA /* NovaTests.swift in Sources */ = {isa = PBXBuildFile; fileRef = 0A2D3E471F5AC429002510BA /* NovaTests.swift */; };
		0A2D3E551F5AFA2A002510BA /* Constants.swift in Sources */ = {isa = PBXBuildFile; fileRef = 0A2D3E541F5AFA2A002510BA /* Constants.swift */; };
		0A2D3E5A1F5B4F24002510BA /* CoinMarketCapProvider.swift in Sources */ = {isa = PBXBuildFile; fileRef = 0A2D3E591F5B4F24002510BA /* CoinMarketCapProvider.swift */; };
		0A52028E1F65631E00F71C1E /* TickerListCellView.swift in Sources */ = {isa = PBXBuildFile; fileRef = 0A52028D1F65631E00F71C1E /* TickerListCellView.swift */; };
		0A8F66381F766B2F00723F8F /* EventMonitor.swift in Sources */ = {isa = PBXBuildFile; fileRef = 0A8F66371F766B2F00723F8F /* EventMonitor.swift */; };
		0A924C921F5C54D100A8875E /* TickerListViewModel.swift in Sources */ = {isa = PBXBuildFile; fileRef = 0A924C911F5C54D100A8875E /* TickerListViewModel.swift */; };
		0AA23C8C1FA6525A000FF632 /* PriceFormatter.swift in Sources */ = {isa = PBXBuildFile; fileRef = 0AA23C8B1FA6525A000FF632 /* PriceFormatter.swift */; };
		0AB59B0A1F699CF400798BBB /* Extensions.swift in Sources */ = {isa = PBXBuildFile; fileRef = 0AB59B091F699CF400798BBB /* Extensions.swift */; };
		0AB59B0C1F69A6AD00798BBB /* MenuBarView.swift in Sources */ = {isa = PBXBuildFile; fileRef = 0AB59B0B1F69A6AD00798BBB /* MenuBarView.swift */; };
		0AB59B0E1F69A6B300798BBB /* MenuBarViewModel.swift in Sources */ = {isa = PBXBuildFile; fileRef = 0AB59B0D1F69A6B300798BBB /* MenuBarViewModel.swift */; };
		0AB59B111F69A80900798BBB /* Prefs.swift in Sources */ = {isa = PBXBuildFile; fileRef = 0AB59B101F69A80900798BBB /* Prefs.swift */; };
		0ACB1FA11F74F430009C3D2D /* CryptoCompareProvider.swift in Sources */ = {isa = PBXBuildFile; fileRef = 0ACB1FA01F74F430009C3D2D /* CryptoCompareProvider.swift */; };
		0ACE435E1F769A41008059A7 /* license.pdf in Resources */ = {isa = PBXBuildFile; fileRef = 0ACE435D1F769A41008059A7 /* license.pdf */; };
		0ACE43601F769A5D008059A7 /* acknowledgements.pdf in Resources */ = {isa = PBXBuildFile; fileRef = 0ACE435F1F769A5D008059A7 /* acknowledgements.pdf */; };
		0AF23FA11F5BEC4200AB0D15 /* Ticker.swift in Sources */ = {isa = PBXBuildFile; fileRef = 0AF23FA01F5BEC4200AB0D15 /* Ticker.swift */; };
		0AF549F71FF67D910097430E /* FirebaseProvider.swift in Sources */ = {isa = PBXBuildFile; fileRef = 0AF549F61FF67D910097430E /* FirebaseProvider.swift */; };
		771EBD911F72BE6F00F756ED /* Schedulers.swift in Sources */ = {isa = PBXBuildFile; fileRef = 771EBD901F72BE6F00F756ED /* Schedulers.swift */; };
		7763D05B1F6FAA0C009EE03E /* RemoteDataSource.swift in Sources */ = {isa = PBXBuildFile; fileRef = 7763D05A1F6FAA0C009EE03E /* RemoteDataSource.swift */; };
		7763D05D1F6FAA18009EE03E /* LocalDataSource.swift in Sources */ = {isa = PBXBuildFile; fileRef = 7763D05C1F6FAA18009EE03E /* LocalDataSource.swift */; };
		7763D0601F6FB683009EE03E /* Injector.swift in Sources */ = {isa = PBXBuildFile; fileRef = 7763D05F1F6FB683009EE03E /* Injector.swift */; };
		7763D0641F6FCE64009EE03E /* DataRepository.swift in Sources */ = {isa = PBXBuildFile; fileRef = 7763D0631F6FCE64009EE03E /* DataRepository.swift */; };
		7764E6621F7A5F3200FC67F0 /* ContactViewController.swift in Sources */ = {isa = PBXBuildFile; fileRef = 7764E6611F7A5F3200FC67F0 /* ContactViewController.swift */; };
		7764E6651F7A962900FC67F0 /* DonateViewController.swift in Sources */ = {isa = PBXBuildFile; fileRef = 7764E6631F7A962900FC67F0 /* DonateViewController.swift */; };
		D418FF040586A9DD73E9A005 /* Pods_Nova.framework in Frameworks */ = {isa = PBXBuildFile; fileRef = 4AC2ED320E03871B42E360B4 /* Pods_Nova.framework */; };
/* End PBXBuildFile section */

/* Begin PBXContainerItemProxy section */
		0A2D3E441F5AC429002510BA /* PBXContainerItemProxy */ = {
			isa = PBXContainerItemProxy;
			containerPortal = 0A2D3E2A1F5AC429002510BA /* Project object */;
			proxyType = 1;
			remoteGlobalIDString = 0A2D3E311F5AC429002510BA;
			remoteInfo = Nova;
		};
/* End PBXContainerItemProxy section */

/* Begin PBXFileReference section */
		0A2D3E321F5AC429002510BA /* Nova.app */ = {isa = PBXFileReference; explicitFileType = wrapper.application; includeInIndex = 0; path = Nova.app; sourceTree = BUILT_PRODUCTS_DIR; };
		0A2D3E351F5AC429002510BA /* AppDelegate.swift */ = {isa = PBXFileReference; lastKnownFileType = sourcecode.swift; path = AppDelegate.swift; sourceTree = "<group>"; };
		0A2D3E371F5AC429002510BA /* TickerListViewController.swift */ = {isa = PBXFileReference; lastKnownFileType = sourcecode.swift; path = TickerListViewController.swift; sourceTree = "<group>"; };
		0A2D3E391F5AC429002510BA /* Assets.xcassets */ = {isa = PBXFileReference; lastKnownFileType = folder.assetcatalog; path = Assets.xcassets; sourceTree = "<group>"; };
		0A2D3E3C1F5AC429002510BA /* Base */ = {isa = PBXFileReference; lastKnownFileType = file.storyboard; name = Base; path = Base.lproj/Main.storyboard; sourceTree = "<group>"; };
		0A2D3E3E1F5AC429002510BA /* Info.plist */ = {isa = PBXFileReference; lastKnownFileType = text.plist.xml; path = Info.plist; sourceTree = "<group>"; };
		0A2D3E431F5AC429002510BA /* NovaTests.xctest */ = {isa = PBXFileReference; explicitFileType = wrapper.cfbundle; includeInIndex = 0; path = NovaTests.xctest; sourceTree = BUILT_PRODUCTS_DIR; };
		0A2D3E471F5AC429002510BA /* NovaTests.swift */ = {isa = PBXFileReference; lastKnownFileType = sourcecode.swift; path = NovaTests.swift; sourceTree = "<group>"; };
		0A2D3E491F5AC429002510BA /* Info.plist */ = {isa = PBXFileReference; lastKnownFileType = text.plist.xml; path = Info.plist; sourceTree = "<group>"; };
		0A2D3E541F5AFA2A002510BA /* Constants.swift */ = {isa = PBXFileReference; fileEncoding = 4; lastKnownFileType = sourcecode.swift; path = Constants.swift; sourceTree = "<group>"; };
		0A2D3E591F5B4F24002510BA /* CoinMarketCapProvider.swift */ = {isa = PBXFileReference; fileEncoding = 4; lastKnownFileType = sourcecode.swift; path = CoinMarketCapProvider.swift; sourceTree = "<group>"; };
		0A52028D1F65631E00F71C1E /* TickerListCellView.swift */ = {isa = PBXFileReference; fileEncoding = 4; lastKnownFileType = sourcecode.swift; path = TickerListCellView.swift; sourceTree = "<group>"; };
		0A8F66371F766B2F00723F8F /* EventMonitor.swift */ = {isa = PBXFileReference; fileEncoding = 4; lastKnownFileType = sourcecode.swift; path = EventMonitor.swift; sourceTree = "<group>"; };
		0A924C911F5C54D100A8875E /* TickerListViewModel.swift */ = {isa = PBXFileReference; fileEncoding = 4; lastKnownFileType = sourcecode.swift; path = TickerListViewModel.swift; sourceTree = "<group>"; };
		0AA23C8B1FA6525A000FF632 /* PriceFormatter.swift */ = {isa = PBXFileReference; lastKnownFileType = sourcecode.swift; path = PriceFormatter.swift; sourceTree = "<group>"; };
		0AB59B091F699CF400798BBB /* Extensions.swift */ = {isa = PBXFileReference; fileEncoding = 4; lastKnownFileType = sourcecode.swift; path = Extensions.swift; sourceTree = "<group>"; };
		0AB59B0B1F69A6AD00798BBB /* MenuBarView.swift */ = {isa = PBXFileReference; fileEncoding = 4; lastKnownFileType = sourcecode.swift; path = MenuBarView.swift; sourceTree = "<group>"; };
		0AB59B0D1F69A6B300798BBB /* MenuBarViewModel.swift */ = {isa = PBXFileReference; fileEncoding = 4; lastKnownFileType = sourcecode.swift; path = MenuBarViewModel.swift; sourceTree = "<group>"; };
		0AB59B101F69A80900798BBB /* Prefs.swift */ = {isa = PBXFileReference; fileEncoding = 4; lastKnownFileType = sourcecode.swift; path = Prefs.swift; sourceTree = "<group>"; };
		0ACB1FA01F74F430009C3D2D /* CryptoCompareProvider.swift */ = {isa = PBXFileReference; fileEncoding = 4; lastKnownFileType = sourcecode.swift; path = CryptoCompareProvider.swift; sourceTree = "<group>"; };
		0ACE435D1F769A41008059A7 /* license.pdf */ = {isa = PBXFileReference; lastKnownFileType = image.pdf; path = license.pdf; sourceTree = "<group>"; };
		0ACE435F1F769A5D008059A7 /* acknowledgements.pdf */ = {isa = PBXFileReference; lastKnownFileType = image.pdf; path = acknowledgements.pdf; sourceTree = "<group>"; };
		0AF23FA01F5BEC4200AB0D15 /* Ticker.swift */ = {isa = PBXFileReference; fileEncoding = 4; lastKnownFileType = sourcecode.swift; path = Ticker.swift; sourceTree = "<group>"; };
		0AF549F61FF67D910097430E /* FirebaseProvider.swift */ = {isa = PBXFileReference; lastKnownFileType = sourcecode.swift; path = FirebaseProvider.swift; sourceTree = "<group>"; };
		207457C11AEF35045A801412 /* Pods-Nova.release.xcconfig */ = {isa = PBXFileReference; includeInIndex = 1; lastKnownFileType = text.xcconfig; name = "Pods-Nova.release.xcconfig"; path = "Pods/Target Support Files/Pods-Nova/Pods-Nova.release.xcconfig"; sourceTree = "<group>"; };
		4AC2ED320E03871B42E360B4 /* Pods_Nova.framework */ = {isa = PBXFileReference; explicitFileType = wrapper.framework; includeInIndex = 0; path = Pods_Nova.framework; sourceTree = BUILT_PRODUCTS_DIR; };
		770C67611F8373A700D3D104 /* Nova.entitlements */ = {isa = PBXFileReference; lastKnownFileType = text.plist.entitlements; path = Nova.entitlements; sourceTree = "<group>"; };
		771EBD901F72BE6F00F756ED /* Schedulers.swift */ = {isa = PBXFileReference; fileEncoding = 4; lastKnownFileType = sourcecode.swift; path = Schedulers.swift; sourceTree = "<group>"; };
		7763D05A1F6FAA0C009EE03E /* RemoteDataSource.swift */ = {isa = PBXFileReference; fileEncoding = 4; lastKnownFileType = sourcecode.swift; path = RemoteDataSource.swift; sourceTree = "<group>"; };
		7763D05C1F6FAA18009EE03E /* LocalDataSource.swift */ = {isa = PBXFileReference; fileEncoding = 4; lastKnownFileType = sourcecode.swift; path = LocalDataSource.swift; sourceTree = "<group>"; };
		7763D05F1F6FB683009EE03E /* Injector.swift */ = {isa = PBXFileReference; fileEncoding = 4; lastKnownFileType = sourcecode.swift; path = Injector.swift; sourceTree = "<group>"; };
		7763D0631F6FCE64009EE03E /* DataRepository.swift */ = {isa = PBXFileReference; fileEncoding = 4; lastKnownFileType = sourcecode.swift; path = DataRepository.swift; sourceTree = "<group>"; };
		7764E6611F7A5F3200FC67F0 /* ContactViewController.swift */ = {isa = PBXFileReference; fileEncoding = 4; lastKnownFileType = sourcecode.swift; path = ContactViewController.swift; sourceTree = "<group>"; };
		7764E6631F7A962900FC67F0 /* DonateViewController.swift */ = {isa = PBXFileReference; fileEncoding = 4; lastKnownFileType = sourcecode.swift; path = DonateViewController.swift; sourceTree = "<group>"; };
		C31629810B46A92A7F784CDD /* Pods-Nova.debug.xcconfig */ = {isa = PBXFileReference; includeInIndex = 1; lastKnownFileType = text.xcconfig; name = "Pods-Nova.debug.xcconfig"; path = "Pods/Target Support Files/Pods-Nova/Pods-Nova.debug.xcconfig"; sourceTree = "<group>"; };
		DB43C4AF6E52B7B34E2E6C3C /* Pods_NovaTests.framework */ = {isa = PBXFileReference; explicitFileType = wrapper.framework; includeInIndex = 0; path = Pods_NovaTests.framework; sourceTree = BUILT_PRODUCTS_DIR; };
/* End PBXFileReference section */

/* Begin PBXFrameworksBuildPhase section */
		0A2D3E2F1F5AC429002510BA /* Frameworks */ = {
			isa = PBXFrameworksBuildPhase;
			buildActionMask = 2147483647;
			files = (
				D418FF040586A9DD73E9A005 /* Pods_Nova.framework in Frameworks */,
			);
			runOnlyForDeploymentPostprocessing = 0;
		};
		0A2D3E401F5AC429002510BA /* Frameworks */ = {
			isa = PBXFrameworksBuildPhase;
			buildActionMask = 2147483647;
			files = (
			);
			runOnlyForDeploymentPostprocessing = 0;
		};
/* End PBXFrameworksBuildPhase section */

/* Begin PBXGroup section */
		0A2D3E291F5AC429002510BA = {
			isa = PBXGroup;
			children = (
				F2B85A38647AABC95B5FF6C8 /* Frameworks */,
				0A2D3E341F5AC429002510BA /* Nova */,
				0A2D3E461F5AC429002510BA /* NovaTests */,
				E32EDFE3368E06439B9064F1 /* Pods */,
				0A2D3E331F5AC429002510BA /* Products */,
			);
			sourceTree = "<group>";
		};
		0A2D3E331F5AC429002510BA /* Products */ = {
			isa = PBXGroup;
			children = (
				0A2D3E321F5AC429002510BA /* Nova.app */,
				0A2D3E431F5AC429002510BA /* NovaTests.xctest */,
			);
			name = Products;
			sourceTree = "<group>";
		};
		0A2D3E341F5AC429002510BA /* Nova */ = {
			isa = PBXGroup;
			children = (
				0A2D3E561F5B4EAE002510BA /* data */,
				7763D0561F6FA888009EE03E /* repository */,
				7763D0651F6FD043009EE03E /* support */,
				0A924C8F1F5C516300A8875E /* view */,
				0A2D3E351F5AC429002510BA /* AppDelegate.swift */,
				0A2D3E391F5AC429002510BA /* Assets.xcassets */,
				0A2D3E3E1F5AC429002510BA /* Info.plist */,
				7763D05F1F6FB683009EE03E /* Injector.swift */,
				0A2D3E3B1F5AC429002510BA /* Main.storyboard */,
				770C67611F8373A700D3D104 /* Nova.entitlements */,
			);
			path = Nova;
			sourceTree = "<group>";
		};
		0A2D3E461F5AC429002510BA /* NovaTests */ = {
			isa = PBXGroup;
			children = (
				0A2D3E491F5AC429002510BA /* Info.plist */,
				0A2D3E471F5AC429002510BA /* NovaTests.swift */,
			);
			path = NovaTests;
			sourceTree = "<group>";
		};
		0A2D3E561F5B4EAE002510BA /* data */ = {
			isa = PBXGroup;
			children = (
				0AF549F51FF67D6E0097430E /* firebase */,
				777467491F681E5A00F01AF3 /* coinmarketcap */,
				0ACB1F9E1F74F296009C3D2D /* cryptocompare */,
			);
			path = data;
			sourceTree = "<group>";
		};
		0A924C8F1F5C516300A8875E /* view */ = {
			isa = PBXGroup;
			children = (
				0AB59B0F1F69A6B600798BBB /* menubar */,
				0A924C901F5C54BC00A8875E /* tickerlist */,
				7764E6611F7A5F3200FC67F0 /* ContactViewController.swift */,
				7764E6631F7A962900FC67F0 /* DonateViewController.swift */,
			);
			path = view;
			sourceTree = "<group>";
		};
		0A924C901F5C54BC00A8875E /* tickerlist */ = {
			isa = PBXGroup;
			children = (
				0A52028D1F65631E00F71C1E /* TickerListCellView.swift */,
				0A2D3E371F5AC429002510BA /* TickerListViewController.swift */,
				0A924C911F5C54D100A8875E /* TickerListViewModel.swift */,
			);
			path = tickerlist;
			sourceTree = "<group>";
		};
		0AB59B0F1F69A6B600798BBB /* menubar */ = {
			isa = PBXGroup;
			children = (
				0AB59B0B1F69A6AD00798BBB /* MenuBarView.swift */,
				0AB59B0D1F69A6B300798BBB /* MenuBarViewModel.swift */,
			);
			path = menubar;
			sourceTree = "<group>";
		};
		0ACB1F9E1F74F296009C3D2D /* cryptocompare */ = {
			isa = PBXGroup;
			children = (
				0ACB1FA01F74F430009C3D2D /* CryptoCompareProvider.swift */,
			);
			path = cryptocompare;
			sourceTree = "<group>";
		};
		0AF549F51FF67D6E0097430E /* firebase */ = {
			isa = PBXGroup;
			children = (
				0AF549F61FF67D910097430E /* FirebaseProvider.swift */,
			);
			path = firebase;
			sourceTree = "<group>";
		};
		0AF9200E1F76935B00C62EBA /* pdf */ = {
			isa = PBXGroup;
			children = (
				0ACE435F1F769A5D008059A7 /* acknowledgements.pdf */,
				0ACE435D1F769A41008059A7 /* license.pdf */,
			);
			path = pdf;
			sourceTree = "<group>";
		};
		7763D0561F6FA888009EE03E /* repository */ = {
			isa = PBXGroup;
			children = (
				7763D0631F6FCE64009EE03E /* DataRepository.swift */,
				7763D05C1F6FAA18009EE03E /* LocalDataSource.swift */,
				7763D05A1F6FAA0C009EE03E /* RemoteDataSource.swift */,
			);
			path = repository;
			sourceTree = "<group>";
		};
		7763D0651F6FD043009EE03E /* support */ = {
			isa = PBXGroup;
			children = (
				0AF9200E1F76935B00C62EBA /* pdf */,
				0A2D3E541F5AFA2A002510BA /* Constants.swift */,
				0A8F66371F766B2F00723F8F /* EventMonitor.swift */,
				0AB59B091F699CF400798BBB /* Extensions.swift */,
				0AB59B101F69A80900798BBB /* Prefs.swift */,
				0AA23C8B1FA6525A000FF632 /* PriceFormatter.swift */,
				771EBD901F72BE6F00F756ED /* Schedulers.swift */,
			);
			path = support;
			sourceTree = "<group>";
		};
		777467491F681E5A00F01AF3 /* coinmarketcap */ = {
			isa = PBXGroup;
			children = (
				0A2D3E591F5B4F24002510BA /* CoinMarketCapProvider.swift */,
				0AF23FA01F5BEC4200AB0D15 /* Ticker.swift */,
			);
			path = coinmarketcap;
			sourceTree = "<group>";
		};
		E32EDFE3368E06439B9064F1 /* Pods */ = {
			isa = PBXGroup;
			children = (
				C31629810B46A92A7F784CDD /* Pods-Nova.debug.xcconfig */,
				207457C11AEF35045A801412 /* Pods-Nova.release.xcconfig */,
			);
			name = Pods;
			sourceTree = "<group>";
		};
		F2B85A38647AABC95B5FF6C8 /* Frameworks */ = {
			isa = PBXGroup;
			children = (
				4AC2ED320E03871B42E360B4 /* Pods_Nova.framework */,
				DB43C4AF6E52B7B34E2E6C3C /* Pods_NovaTests.framework */,
			);
			name = Frameworks;
			sourceTree = "<group>";
		};
/* End PBXGroup section */

/* Begin PBXNativeTarget section */
		0A2D3E311F5AC429002510BA /* Nova */ = {
			isa = PBXNativeTarget;
			buildConfigurationList = 0A2D3E4C1F5AC429002510BA /* Build configuration list for PBXNativeTarget "Nova" */;
			buildPhases = (
				D325D3843B7EE25F13F42E0F /* [CP] Check Pods Manifest.lock */,
				0A2D3E2E1F5AC429002510BA /* Sources */,
				0A2D3E2F1F5AC429002510BA /* Frameworks */,
				0A2D3E301F5AC429002510BA /* Resources */,
				122A1166610F127D6296BD09 /* [CP] Embed Pods Frameworks */,
				5787E495D0977E4A24807FAD /* [CP] Copy Pods Resources */,
			);
			buildRules = (
			);
			dependencies = (
			);
			name = Nova;
			productName = Nova;
			productReference = 0A2D3E321F5AC429002510BA /* Nova.app */;
			productType = "com.apple.product-type.application";
		};
		0A2D3E421F5AC429002510BA /* NovaTests */ = {
			isa = PBXNativeTarget;
			buildConfigurationList = 0A2D3E4F1F5AC429002510BA /* Build configuration list for PBXNativeTarget "NovaTests" */;
			buildPhases = (
				0A2D3E3F1F5AC429002510BA /* Sources */,
				0A2D3E401F5AC429002510BA /* Frameworks */,
				0A2D3E411F5AC429002510BA /* Resources */,
			);
			buildRules = (
			);
			dependencies = (
				0A2D3E451F5AC429002510BA /* PBXTargetDependency */,
			);
			name = NovaTests;
			productName = NovaTests;
			productReference = 0A2D3E431F5AC429002510BA /* NovaTests.xctest */;
			productType = "com.apple.product-type.bundle.unit-test";
		};
/* End PBXNativeTarget section */

/* Begin PBXProject section */
		0A2D3E2A1F5AC429002510BA /* Project object */ = {
			isa = PBXProject;
			attributes = {
				LastSwiftUpdateCheck = 0800;
				LastUpgradeCheck = 0800;
				ORGANIZATIONNAME = "Andrej Jurkin";
				TargetAttributes = {
					0A2D3E311F5AC429002510BA = {
						CreatedOnToolsVersion = 8.0;
						DevelopmentTeam = XJF3S8KP2L;
						ProvisioningStyle = Automatic;
						SystemCapabilities = {
							com.apple.Sandbox = {
								enabled = 1;
							};
						};
					};
					0A2D3E421F5AC429002510BA = {
						CreatedOnToolsVersion = 8.0;
						DevelopmentTeam = XJF3S8KP2L;
						ProvisioningStyle = Automatic;
						TestTargetID = 0A2D3E311F5AC429002510BA;
					};
				};
			};
			buildConfigurationList = 0A2D3E2D1F5AC429002510BA /* Build configuration list for PBXProject "Nova" */;
			compatibilityVersion = "Xcode 3.2";
			developmentRegion = English;
			hasScannedForEncodings = 0;
			knownRegions = (
				en,
				Base,
			);
			mainGroup = 0A2D3E291F5AC429002510BA;
			productRefGroup = 0A2D3E331F5AC429002510BA /* Products */;
			projectDirPath = "";
			projectRoot = "";
			targets = (
				0A2D3E311F5AC429002510BA /* Nova */,
				0A2D3E421F5AC429002510BA /* NovaTests */,
			);
		};
/* End PBXProject section */

/* Begin PBXResourcesBuildPhase section */
		0A2D3E301F5AC429002510BA /* Resources */ = {
			isa = PBXResourcesBuildPhase;
			buildActionMask = 2147483647;
			files = (
				0A2D3E3A1F5AC429002510BA /* Assets.xcassets in Resources */,
				0ACE435E1F769A41008059A7 /* license.pdf in Resources */,
				0A2D3E3D1F5AC429002510BA /* Main.storyboard in Resources */,
				0ACE43601F769A5D008059A7 /* acknowledgements.pdf in Resources */,
			);
			runOnlyForDeploymentPostprocessing = 0;
		};
		0A2D3E411F5AC429002510BA /* Resources */ = {
			isa = PBXResourcesBuildPhase;
			buildActionMask = 2147483647;
			files = (
			);
			runOnlyForDeploymentPostprocessing = 0;
		};
/* End PBXResourcesBuildPhase section */

/* Begin PBXShellScriptBuildPhase section */
		122A1166610F127D6296BD09 /* [CP] Embed Pods Frameworks */ = {
			isa = PBXShellScriptBuildPhase;
			buildActionMask = 2147483647;
			files = (
			);
			inputPaths = (
				"${SRCROOT}/Pods/Target Support Files/Pods-Nova/Pods-Nova-frameworks.sh",
				"${BUILT_PRODUCTS_DIR}/Alamofire/Alamofire.framework",
				"${BUILT_PRODUCTS_DIR}/Kingfisher/Kingfisher.framework",
				"${BUILT_PRODUCTS_DIR}/Moya/Moya.framework",
				"${BUILT_PRODUCTS_DIR}/Moya-ObjectMapper/Moya_ObjectMapper.framework",
				"${BUILT_PRODUCTS_DIR}/ObjectMapper/ObjectMapper.framework",
				"${BUILT_PRODUCTS_DIR}/Realm/Realm.framework",
				"${BUILT_PRODUCTS_DIR}/RealmSwift/RealmSwift.framework",
				"${BUILT_PRODUCTS_DIR}/Result/Result.framework",
				"${BUILT_PRODUCTS_DIR}/RxAlamofire/RxAlamofire.framework",
				"${BUILT_PRODUCTS_DIR}/RxCocoa/RxCocoa.framework",
				"${BUILT_PRODUCTS_DIR}/RxOptional/RxOptional.framework",
				"${BUILT_PRODUCTS_DIR}/RxRealm/RxRealm.framework",
				"${BUILT_PRODUCTS_DIR}/RxSwift/RxSwift.framework",
				"${BUILT_PRODUCTS_DIR}/Swinject/Swinject.framework",
				"${BUILT_PRODUCTS_DIR}/SwinjectAutoregistration/SwinjectAutoregistration.framework",
			);
			name = "[CP] Embed Pods Frameworks";
			outputPaths = (
				"${TARGET_BUILD_DIR}/${FRAMEWORKS_FOLDER_PATH}/Alamofire.framework",
				"${TARGET_BUILD_DIR}/${FRAMEWORKS_FOLDER_PATH}/Kingfisher.framework",
				"${TARGET_BUILD_DIR}/${FRAMEWORKS_FOLDER_PATH}/Moya.framework",
				"${TARGET_BUILD_DIR}/${FRAMEWORKS_FOLDER_PATH}/Moya_ObjectMapper.framework",
				"${TARGET_BUILD_DIR}/${FRAMEWORKS_FOLDER_PATH}/ObjectMapper.framework",
				"${TARGET_BUILD_DIR}/${FRAMEWORKS_FOLDER_PATH}/Realm.framework",
				"${TARGET_BUILD_DIR}/${FRAMEWORKS_FOLDER_PATH}/RealmSwift.framework",
				"${TARGET_BUILD_DIR}/${FRAMEWORKS_FOLDER_PATH}/Result.framework",
				"${TARGET_BUILD_DIR}/${FRAMEWORKS_FOLDER_PATH}/RxAlamofire.framework",
				"${TARGET_BUILD_DIR}/${FRAMEWORKS_FOLDER_PATH}/RxCocoa.framework",
				"${TARGET_BUILD_DIR}/${FRAMEWORKS_FOLDER_PATH}/RxOptional.framework",
				"${TARGET_BUILD_DIR}/${FRAMEWORKS_FOLDER_PATH}/RxRealm.framework",
				"${TARGET_BUILD_DIR}/${FRAMEWORKS_FOLDER_PATH}/RxSwift.framework",
				"${TARGET_BUILD_DIR}/${FRAMEWORKS_FOLDER_PATH}/Swinject.framework",
				"${TARGET_BUILD_DIR}/${FRAMEWORKS_FOLDER_PATH}/SwinjectAutoregistration.framework",
			);
			runOnlyForDeploymentPostprocessing = 0;
			shellPath = /bin/sh;
			shellScript = "\"${SRCROOT}/Pods/Target Support Files/Pods-Nova/Pods-Nova-frameworks.sh\"\n";
			showEnvVarsInLog = 0;
		};
		5787E495D0977E4A24807FAD /* [CP] Copy Pods Resources */ = {
			isa = PBXShellScriptBuildPhase;
			buildActionMask = 2147483647;
			files = (
			);
			inputPaths = (
			);
			name = "[CP] Copy Pods Resources";
			outputPaths = (
			);
			runOnlyForDeploymentPostprocessing = 0;
			shellPath = /bin/sh;
			shellScript = "\"${SRCROOT}/Pods/Target Support Files/Pods-Nova/Pods-Nova-resources.sh\"\n";
			showEnvVarsInLog = 0;
		};
		D325D3843B7EE25F13F42E0F /* [CP] Check Pods Manifest.lock */ = {
			isa = PBXShellScriptBuildPhase;
			buildActionMask = 2147483647;
			files = (
			);
			inputPaths = (
				"${PODS_PODFILE_DIR_PATH}/Podfile.lock",
				"${PODS_ROOT}/Manifest.lock",
			);
			name = "[CP] Check Pods Manifest.lock";
			outputPaths = (
				"$(DERIVED_FILE_DIR)/Pods-Nova-checkManifestLockResult.txt",
			);
			runOnlyForDeploymentPostprocessing = 0;
			shellPath = /bin/sh;
			shellScript = "diff \"${PODS_PODFILE_DIR_PATH}/Podfile.lock\" \"${PODS_ROOT}/Manifest.lock\" > /dev/null\nif [ $? != 0 ] ; then\n    # print error to STDERR\n    echo \"error: The sandbox is not in sync with the Podfile.lock. Run 'pod install' or update your CocoaPods installation.\" >&2\n    exit 1\nfi\n# This output is used by Xcode 'outputs' to avoid re-running this script phase.\necho \"SUCCESS\" > \"${SCRIPT_OUTPUT_FILE_0}\"\n";
			showEnvVarsInLog = 0;
		};
/* End PBXShellScriptBuildPhase section */

/* Begin PBXSourcesBuildPhase section */
		0A2D3E2E1F5AC429002510BA /* Sources */ = {
			isa = PBXSourcesBuildPhase;
			buildActionMask = 2147483647;
			files = (
				0AB59B111F69A80900798BBB /* Prefs.swift in Sources */,
				771EBD911F72BE6F00F756ED /* Schedulers.swift in Sources */,
				0A2D3E551F5AFA2A002510BA /* Constants.swift in Sources */,
				0A2D3E381F5AC429002510BA /* TickerListViewController.swift in Sources */,
				0ACB1FA11F74F430009C3D2D /* CryptoCompareProvider.swift in Sources */,
				0AB59B0E1F69A6B300798BBB /* MenuBarViewModel.swift in Sources */,
				0AF23FA11F5BEC4200AB0D15 /* Ticker.swift in Sources */,
				7764E6621F7A5F3200FC67F0 /* ContactViewController.swift in Sources */,
				7763D05D1F6FAA18009EE03E /* LocalDataSource.swift in Sources */,
				7763D05B1F6FAA0C009EE03E /* RemoteDataSource.swift in Sources */,
				0A8F66381F766B2F00723F8F /* EventMonitor.swift in Sources */,
				0A52028E1F65631E00F71C1E /* TickerListCellView.swift in Sources */,
				0A2D3E5A1F5B4F24002510BA /* CoinMarketCapProvider.swift in Sources */,
				0A2D3E361F5AC429002510BA /* AppDelegate.swift in Sources */,
				7763D0601F6FB683009EE03E /* Injector.swift in Sources */,
				0AB59B0C1F69A6AD00798BBB /* MenuBarView.swift in Sources */,
				0AA23C8C1FA6525A000FF632 /* PriceFormatter.swift in Sources */,
				0AF549F71FF67D910097430E /* FirebaseProvider.swift in Sources */,
				7763D0641F6FCE64009EE03E /* DataRepository.swift in Sources */,
				7764E6651F7A962900FC67F0 /* DonateViewController.swift in Sources */,
				0AB59B0A1F699CF400798BBB /* Extensions.swift in Sources */,
				0A924C921F5C54D100A8875E /* TickerListViewModel.swift in Sources */,
			);
			runOnlyForDeploymentPostprocessing = 0;
		};
		0A2D3E3F1F5AC429002510BA /* Sources */ = {
			isa = PBXSourcesBuildPhase;
			buildActionMask = 2147483647;
			files = (
				0A2D3E481F5AC429002510BA /* NovaTests.swift in Sources */,
			);
			runOnlyForDeploymentPostprocessing = 0;
		};
/* End PBXSourcesBuildPhase section */

/* Begin PBXTargetDependency section */
		0A2D3E451F5AC429002510BA /* PBXTargetDependency */ = {
			isa = PBXTargetDependency;
			target = 0A2D3E311F5AC429002510BA /* Nova */;
			targetProxy = 0A2D3E441F5AC429002510BA /* PBXContainerItemProxy */;
		};
/* End PBXTargetDependency section */

/* Begin PBXVariantGroup section */
		0A2D3E3B1F5AC429002510BA /* Main.storyboard */ = {
			isa = PBXVariantGroup;
			children = (
				0A2D3E3C1F5AC429002510BA /* Base */,
			);
			name = Main.storyboard;
			path = .;
			sourceTree = "<group>";
		};
/* End PBXVariantGroup section */

/* Begin XCBuildConfiguration section */
		0A2D3E4A1F5AC429002510BA /* Debug */ = {
			isa = XCBuildConfiguration;
			buildSettings = {
				ALWAYS_SEARCH_USER_PATHS = NO;
				CLANG_ANALYZER_NONNULL = YES;
				CLANG_CXX_LANGUAGE_STANDARD = "gnu++0x";
				CLANG_CXX_LIBRARY = "libc++";
				CLANG_ENABLE_MODULES = YES;
				CLANG_ENABLE_OBJC_ARC = YES;
				CLANG_WARN_BOOL_CONVERSION = YES;
				CLANG_WARN_CONSTANT_CONVERSION = YES;
				CLANG_WARN_DIRECT_OBJC_ISA_USAGE = YES_ERROR;
				CLANG_WARN_DOCUMENTATION_COMMENTS = YES;
				CLANG_WARN_EMPTY_BODY = YES;
				CLANG_WARN_ENUM_CONVERSION = YES;
				CLANG_WARN_INFINITE_RECURSION = YES;
				CLANG_WARN_INT_CONVERSION = YES;
				CLANG_WARN_OBJC_ROOT_CLASS = YES_ERROR;
				CLANG_WARN_SUSPICIOUS_MOVE = YES;
				CLANG_WARN_SUSPICIOUS_MOVES = YES;
				CLANG_WARN_UNREACHABLE_CODE = YES;
				CLANG_WARN__DUPLICATE_METHOD_MATCH = YES;
				CODE_SIGN_IDENTITY = "-";
				COPY_PHASE_STRIP = NO;
				DEBUG_INFORMATION_FORMAT = dwarf;
				ENABLE_STRICT_OBJC_MSGSEND = YES;
				ENABLE_TESTABILITY = YES;
				GCC_C_LANGUAGE_STANDARD = gnu99;
				GCC_DYNAMIC_NO_PIC = NO;
				GCC_NO_COMMON_BLOCKS = YES;
				GCC_OPTIMIZATION_LEVEL = 0;
				GCC_PREPROCESSOR_DEFINITIONS = (
					"DEBUG=1",
					"$(inherited)",
				);
				GCC_WARN_64_TO_32_BIT_CONVERSION = YES;
				GCC_WARN_ABOUT_RETURN_TYPE = YES_ERROR;
				GCC_WARN_UNDECLARED_SELECTOR = YES;
				GCC_WARN_UNINITIALIZED_AUTOS = YES_AGGRESSIVE;
				GCC_WARN_UNUSED_FUNCTION = YES;
				GCC_WARN_UNUSED_VARIABLE = YES;
				MACOSX_DEPLOYMENT_TARGET = 10.11;
				MTL_ENABLE_DEBUG_INFO = YES;
				ONLY_ACTIVE_ARCH = YES;
				SDKROOT = macosx;
				SWIFT_ACTIVE_COMPILATION_CONDITIONS = DEBUG;
				SWIFT_OPTIMIZATION_LEVEL = "-Onone";
			};
			name = Debug;
		};
		0A2D3E4B1F5AC429002510BA /* Release */ = {
			isa = XCBuildConfiguration;
			buildSettings = {
				ALWAYS_SEARCH_USER_PATHS = NO;
				CLANG_ANALYZER_NONNULL = YES;
				CLANG_CXX_LANGUAGE_STANDARD = "gnu++0x";
				CLANG_CXX_LIBRARY = "libc++";
				CLANG_ENABLE_MODULES = YES;
				CLANG_ENABLE_OBJC_ARC = YES;
				CLANG_WARN_BOOL_CONVERSION = YES;
				CLANG_WARN_CONSTANT_CONVERSION = YES;
				CLANG_WARN_DIRECT_OBJC_ISA_USAGE = YES_ERROR;
				CLANG_WARN_DOCUMENTATION_COMMENTS = YES;
				CLANG_WARN_EMPTY_BODY = YES;
				CLANG_WARN_ENUM_CONVERSION = YES;
				CLANG_WARN_INFINITE_RECURSION = YES;
				CLANG_WARN_INT_CONVERSION = YES;
				CLANG_WARN_OBJC_ROOT_CLASS = YES_ERROR;
				CLANG_WARN_SUSPICIOUS_MOVE = YES;
				CLANG_WARN_SUSPICIOUS_MOVES = YES;
				CLANG_WARN_UNREACHABLE_CODE = YES;
				CLANG_WARN__DUPLICATE_METHOD_MATCH = YES;
				CODE_SIGN_IDENTITY = "-";
				COPY_PHASE_STRIP = NO;
				DEBUG_INFORMATION_FORMAT = "dwarf-with-dsym";
				ENABLE_NS_ASSERTIONS = NO;
				ENABLE_STRICT_OBJC_MSGSEND = YES;
				GCC_C_LANGUAGE_STANDARD = gnu99;
				GCC_NO_COMMON_BLOCKS = YES;
				GCC_WARN_64_TO_32_BIT_CONVERSION = YES;
				GCC_WARN_ABOUT_RETURN_TYPE = YES_ERROR;
				GCC_WARN_UNDECLARED_SELECTOR = YES;
				GCC_WARN_UNINITIALIZED_AUTOS = YES_AGGRESSIVE;
				GCC_WARN_UNUSED_FUNCTION = YES;
				GCC_WARN_UNUSED_VARIABLE = YES;
				MACOSX_DEPLOYMENT_TARGET = 10.11;
				MTL_ENABLE_DEBUG_INFO = NO;
				SDKROOT = macosx;
				SWIFT_OPTIMIZATION_LEVEL = "-Owholemodule";
			};
			name = Release;
		};
		0A2D3E4D1F5AC429002510BA /* Debug */ = {
			isa = XCBuildConfiguration;
			baseConfigurationReference = C31629810B46A92A7F784CDD /* Pods-Nova.debug.xcconfig */;
			buildSettings = {
				ASSETCATALOG_COMPILER_APPICON_NAME = AppIcon;
				CODE_SIGN_ENTITLEMENTS = Nova/Nova.entitlements;
				CODE_SIGN_IDENTITY = "Mac Developer";
				COMBINE_HIDPI_IMAGES = YES;
				DEVELOPMENT_TEAM = XJF3S8KP2L;
				INFOPLIST_FILE = Nova/Info.plist;
				LD_RUNPATH_SEARCH_PATHS = "$(inherited) @executable_path/../Frameworks";
				PRODUCT_BUNDLE_IDENTIFIER = jurkin.osx.Nova;
				PRODUCT_NAME = "$(TARGET_NAME)";
				SWIFT_VERSION = 3.0;
			};
			name = Debug;
		};
		0A2D3E4E1F5AC429002510BA /* Release */ = {
			isa = XCBuildConfiguration;
			baseConfigurationReference = 207457C11AEF35045A801412 /* Pods-Nova.release.xcconfig */;
			buildSettings = {
				ASSETCATALOG_COMPILER_APPICON_NAME = AppIcon;
				CODE_SIGN_ENTITLEMENTS = Nova/Nova.entitlements;
				CODE_SIGN_IDENTITY = "Mac Developer";
				COMBINE_HIDPI_IMAGES = YES;
				DEVELOPMENT_TEAM = XJF3S8KP2L;
				INFOPLIST_FILE = Nova/Info.plist;
				LD_RUNPATH_SEARCH_PATHS = "$(inherited) @executable_path/../Frameworks";
				PRODUCT_BUNDLE_IDENTIFIER = jurkin.osx.Nova;
				PRODUCT_NAME = "$(TARGET_NAME)";
				SWIFT_VERSION = 3.0;
			};
			name = Release;
		};
		0A2D3E501F5AC429002510BA /* Debug */ = {
			isa = XCBuildConfiguration;
			buildSettings = {
				ALWAYS_EMBED_SWIFT_STANDARD_LIBRARIES = YES;
				BUNDLE_LOADER = "$(TEST_HOST)";
				COMBINE_HIDPI_IMAGES = YES;
				DEVELOPMENT_TEAM = XJF3S8KP2L;
				INFOPLIST_FILE = NovaTests/Info.plist;
				LD_RUNPATH_SEARCH_PATHS = "$(inherited) @executable_path/../Frameworks @loader_path/../Frameworks";
				PRODUCT_BUNDLE_IDENTIFIER = jurkin.osx.NovaTests;
				PRODUCT_NAME = "$(TARGET_NAME)";
				SWIFT_VERSION = 3.0;
				TEST_HOST = "$(BUILT_PRODUCTS_DIR)/Nova.app/Contents/MacOS/Nova";
			};
			name = Debug;
		};
		0A2D3E511F5AC429002510BA /* Release */ = {
			isa = XCBuildConfiguration;
			buildSettings = {
				ALWAYS_EMBED_SWIFT_STANDARD_LIBRARIES = YES;
				BUNDLE_LOADER = "$(TEST_HOST)";
				COMBINE_HIDPI_IMAGES = YES;
				DEVELOPMENT_TEAM = XJF3S8KP2L;
				INFOPLIST_FILE = NovaTests/Info.plist;
				LD_RUNPATH_SEARCH_PATHS = "$(inherited) @executable_path/../Frameworks @loader_path/../Frameworks";
				PRODUCT_BUNDLE_IDENTIFIER = jurkin.osx.NovaTests;
				PRODUCT_NAME = "$(TARGET_NAME)";
				SWIFT_VERSION = 3.0;
				TEST_HOST = "$(BUILT_PRODUCTS_DIR)/Nova.app/Contents/MacOS/Nova";
			};
			name = Release;
		};
/* End XCBuildConfiguration section */

/* Begin XCConfigurationList section */
		0A2D3E2D1F5AC429002510BA /* Build configuration list for PBXProject "Nova" */ = {
			isa = XCConfigurationList;
			buildConfigurations = (
				0A2D3E4A1F5AC429002510BA /* Debug */,
				0A2D3E4B1F5AC429002510BA /* Release */,
			);
			defaultConfigurationIsVisible = 0;
			defaultConfigurationName = Release;
		};
		0A2D3E4C1F5AC429002510BA /* Build configuration list for PBXNativeTarget "Nova" */ = {
			isa = XCConfigurationList;
			buildConfigurations = (
				0A2D3E4D1F5AC429002510BA /* Debug */,
				0A2D3E4E1F5AC429002510BA /* Release */,
			);
			defaultConfigurationIsVisible = 0;
			defaultConfigurationName = Release;
		};
		0A2D3E4F1F5AC429002510BA /* Build configuration list for PBXNativeTarget "NovaTests" */ = {
			isa = XCConfigurationList;
			buildConfigurations = (
				0A2D3E501F5AC429002510BA /* Debug */,
				0A2D3E511F5AC429002510BA /* Release */,
			);
			defaultConfigurationIsVisible = 0;
			defaultConfigurationName = Release;
		};
/* End XCConfigurationList section */
	};
	rootObject = 0A2D3E2A1F5AC429002510BA /* Project object */;
}
